
Microsoft Visual Studio Solution File, Format Version 12.00
# Visual Studio Version 16
VisualStudioVersion = 16.0.30223.230
MinimumVisualStudioVersion = 10.0.40219.1
Project("{8BC9CEB8-8B4A-11D0-8D11-00A0C91BC942}") = "PageCurl", "PageCurl.vcxproj", "{B4222E9F-9B8E-4ACC-9BB8-136EE2419649}"
EndProject
Global
	GlobalSection(SolutionConfigurationPlatforms) = preSolution
		Debug|x64 = Debug|x64
		Debug|x86 = Debug|x86
		Release|x64 = Release|x64
		Release|x86 = Release|x86
	EndGlobalSection
	GlobalSection(ProjectConfigurationPlatforms) = postSolution
		{B4222E9F-9B8E-4ACC-9BB8-136EE2419649}.Debug|x64.ActiveCfg = Debug|x64
		{B4222E9F-9B8E-4ACC-9BB8-136EE2419649}.Debug|x64.Build.0 = Debug|x64
		{B4222E9F-9B8E-4ACC-9BB8-136EE2419649}.Debug|x86.ActiveCfg = Debug|Win32
		{B4222E9F-9B8E-4ACC-9BB8-136EE2419649}.Debug|x86.Build.0 = Debug|Win32
		{B4222E9F-9B8E-4ACC-9BB8-136EE2419649}.Release|x64.ActiveCfg = Release|x64
		{B4222E9F-9B8E-4ACC-9BB8-136EE2419649}.Release|x64.Build.0 = Release|x64
		{B4222E9F-9B8E-4ACC-9BB8-136EE2419649}.Release|x86.ActiveCfg = Release|Win32
		{B4222E9F-9B8E-4ACC-9BB8-136EE2419649}.Release|x86.Build.0 = Release|Win32
	EndGlobalSection
	GlobalSection(SolutionProperties) = preSolution
		HideSolutionNode = FALSE
	EndGlobalSection
	GlobalSection(ExtensibilityGlobals) = postSolution
		SolutionGuid = {AAFC65F7-3BCD-4064-9D0B-23A5179569C4}
	EndGlobalSection
EndGlobal
